{
  "assets": [
    {
      "destination": "include/shaders/descriptor_heap.glsl",
      "sha256": "e7a981908f23e6362129e762bf77b44df04cd5ba46db47bbf28a122b0f1c1c8f",
      "source": "include/shaders/descriptor_heap.glsl"
    },
    {
      "destination": "include/shaders/generated/shader_abi.glsl",
      "sha256": "f0a2e192155773677ddb79fea5c2e4d855736e3efcbccf2cb1e62cf1c1930f22",
      "source": "include/shaders/generated/shader_abi.glsl"
    }
  ],
  "bindings": {
    "spvreflect": {
      "commit": "d3346c727c4895a4a592acc598cbc741dae84d5d",
      "path": "lib/spvreflect.c3l"
    },
    "vk": {
      "commit": "5a3ba0c1689b8a284d04d4e9c49fd0b6756c2b1c",
      "path": "lib/vk.c3l"
    },
    "vma": {
      "commit": "967bb451b6729682f7eb48f6e4e10091e40a0cda",
      "path": "lib/vma.c3l"
    }
  },
  "c3-version": "0.8.0",
  "committed-native": {
    "linux-x64": [
      {
        "destination": "linked-libs/linux-x64/libVulkanMemoryAllocator.a",
        "sha256": "309dd1b6a4906ffedf146a5a38794b7dba0a12a65cda9eca051ca976b187b614",
        "source": "lib/vma.c3l/linked-libs/linux-x64/libVulkanMemoryAllocator.a"
      },
      {
        "destination": "linked-libs/linux-x64/libspvreflect.a",
        "sha256": "d330bd15754f991a161ea9c8b99a47256efec7237282b5e4bfe3f5b78dfbc6c0",
        "source": "lib/spvreflect.c3l/linux/libspvreflect.a"
      }
    ],
    "windows-x64": [
      {
        "destination": "linked-libs/windows-x64/spvreflect.lib",
        "sha256": "3826887b0251ca499e20075aa9bf2247259bea3d9bbbdbbf987158ea5a2deb68",
        "source": "lib/spvreflect.c3l/windows/spvreflect.lib"
      },
      {
        "destination": "linked-libs/windows-x64/vulkan-1.lib",
        "sha256": "aade1d76b0bcb69342ead675fe74cd97254fb63ea3d22925684abe297952fb32",
        "source": "lib/vk.c3l/windows/vulkan-1.lib"
      }
    ]
  },
  "format": 1,
  "licenses": [
    {
      "destination": "licenses/gpu/LICENSE",
      "sha256": "e3b0c44298fc1c149afbf4c8996fb92427ae41e4649b934ca495991b7852b855",
      "source": "LICENSE"
    },
    {
      "destination": "licenses/spvreflect/LICENSE",
      "sha256": "a5c52dbdcb3ea88f0dcac76fb48eb1988b47324d249f50bbf70258e99374f5f6",
      "source": "lib/spvreflect.c3l/LICENSE"
    },
    {
      "destination": "licenses/spvreflect/LICENSE.spirv-reflect.apache-2.0",
      "sha256": "c71d239df91726fc519c6eb72d318ec65820627232b2f796219e87dcf35d0ab4",
      "source": "lib/spvreflect.c3l/LICENSE.spirv-reflect.apache-2.0"
    },
    {
      "destination": "licenses/spvreflect/NOTICE",
      "sha256": "488702cdcb868b48e11bc5608dc15b932dfe2769353839ba706cd9c9ed6e1c2f",
      "source": "lib/spvreflect.c3l/NOTICE"
    },
    {
      "destination": "licenses/vk/LICENSE",
      "sha256": "6d9c6d2a494c6a45be12189d8fc21aff8dbb305cdaf0e80b3a617aad421acb5c",
      "source": "lib/vk.c3l/LICENSE"
    },
    {
      "destination": "licenses/vma/LICENSE",
      "sha256": "9f85e700bb0ca63bd9dc54422ef7df45c6d96a98d8378ddf47edaf95d3f4e80b",
      "source": "lib/vma.c3l/LICENSE"
    }
  ],
  "recipe-sha256": "26f2d3d53ec08f3d1cbc1bddec4e19592606170559c52b70dd8c453ecf415336",
  "sources": [
    {
      "destination": "bindings/spvreflect/spvreflect.c3",
      "sha256": "2231f5fd64c96da0bb13bcddeb24494886897c38b470790968a4d3e9c6ed7dff",
      "source": "lib/spvreflect.c3l/spvreflect.c3"
    },
    {
      "destination": "bindings/vk/builders_core.c3",
      "sha256": "90843a65a1cac639de73612f4abb3797626d7a7e993743b13c785f5848dad287",
      "source": "lib/vk.c3l/builders_core.c3"
    },
    {
      "destination": "bindings/vk/builders_ext.c3",
      "sha256": "d577aea849b90541897c70b4136d7cdd6cbd8af7c4d162ff21e4ebf5a5097488",
      "source": "lib/vk.c3l/builders_ext.c3"
    },
    {
      "destination": "bindings/vk/commands.c3",
      "sha256": "f7536ef34368ff743b4d1665216110535b2a16235f4c7ecb10ed01b1c4263058",
      "source": "lib/vk.c3l/commands.c3"
    },
    {
      "destination": "bindings/vk/extra.c3",
      "sha256": "5873689c65d97107a9688ae2148ff2c8008ddeb833bba00a174dc5cf3a820e59",
      "source": "lib/vk.c3l/extra.c3"
    },
    {
      "destination": "bindings/vk/vk.c3",
      "sha256": "5c57ce5274d8bf43265a50b08ada8efe2a70469f8a567a27a3564efa8cd52ecb",
      "source": "lib/vk.c3l/vk.c3"
    },
    {
      "destination": "bindings/vma/vma.c3",
      "sha256": "4b7aa574e3e3cc468f8333fbca624b312895d71640be43672e1e3443d0a64e8e",
      "source": "lib/vma.c3l/vma.c3"
    },
    {
      "destination": "bindings/vma/vma.c3i",
      "sha256": "c82f068379412377fe4ef577f36f6c1567073911cdce3ed16145714965085816",
      "source": "lib/vma.c3l/vma.c3i"
    },
    {
      "destination": "bindings/vma/vma_check.c3",
      "sha256": "4a4e8a54149ea8b7a63fbc8b631e529c1ccbae7c964cd457b8deaf7042893421",
      "source": "lib/vma.c3l/vma_check.c3"
    },
    {
      "destination": "gpu/buffer.c3",
      "sha256": "0f9a1f8c5bb00faa087986c2443507e97bff88113c9c00b21f1f545a2d92aee8",
      "source": "gpu/buffer.c3"
    },
    {
      "destination": "gpu/caps.c3",
      "sha256": "2f9117bbf6080175a88263824f328937ea01eb16ba16e99885dee89d9ddc7e05",
      "source": "gpu/caps.c3"
    },
    {
      "destination": "gpu/command.c3",
      "sha256": "3414e739e67017a3eb6361304d9cbf3dafb4299769d2260a664f9f95858ad4bc",
      "source": "gpu/command.c3"
    },
    {
      "destination": "gpu/debug.c3",
      "sha256": "05d16524721f2862e3b74736b3101c6a2d35ae6bc6b00a72242e025f4745c21d",
      "source": "gpu/debug.c3"
    },
    {
      "destination": "gpu/descriptor_heap.c3",
      "sha256": "190835bc79cb3985b06a9b83d218168ad4baf6f37d9b172ab8e00c8b4a3d5d80",
      "source": "gpu/descriptor_heap.c3"
    },
    {
      "destination": "gpu/device.c3",
      "sha256": "514327eefd893c363c66cd7fa7e9c6f186af9a805c89ad3ca3188645639ad930",
      "source": "gpu/device.c3"
    },
    {
      "destination": "gpu/faults.c3",
      "sha256": "7d50d41fbe0b3cc257ae5e32f5ce9a0ad31580da98edf14accc86333daf86868",
      "source": "gpu/faults.c3"
    },
    {
      "destination": "gpu/gpu.c3",
      "sha256": "784c8f5c31ef4ac7c967e694a9fb6928203d3261d8a68e80c6a6c69d503f6c9c",
      "source": "gpu/gpu.c3"
    },
    {
      "destination": "gpu/gpu.c3i",
      "sha256": "9d0e54f771a45e7a621209466b2185b025d61a0159fa80173145a7279a2c01ce",
      "source": "gpu/gpu.c3i"
    },
    {
      "destination": "gpu/memory.c3",
      "sha256": "df170dad717bba186f88157b1eea2f3e14de8518f8ec105dc5d90f26daeccba6",
      "source": "gpu/memory.c3"
    },
    {
      "destination": "gpu/pipeline.c3",
      "sha256": "34e1b2dba6e0d8253f106f2e86e75cdd45d4b75479054d497ec2d7feaf20ed42",
      "source": "gpu/pipeline.c3"
    },
    {
      "destination": "gpu/queue.c3",
      "sha256": "69b7ee16091fd4b258872fd0dd40ef30155ff73c5b91e90c5acc0e63b84a849c",
      "source": "gpu/queue.c3"
    },
    {
      "destination": "gpu/shader_abi.c3",
      "sha256": "9ef7c5117098a1d9fdde292e67ca7d7102edced406f9a1463e42ef9616ab19ae",
      "source": "gpu/shader_abi.c3"
    },
    {
      "destination": "gpu/swapchain.c3",
      "sha256": "0e9adc395b34bbec8dfac87f3e06a040bd9ec51f45510f8e8623a422df943a6c",
      "source": "gpu/swapchain.c3"
    },
    {
      "destination": "gpu/sync.c3",
      "sha256": "786f11a3f2c28eec68c58bc21799414cb3a6f24f8e2e1e798796ab5d717c535d",
      "source": "gpu/sync.c3"
    },
    {
      "destination": "gpu/texture.c3",
      "sha256": "2f0fa460412cbb5331caad6995d9f975e8de0e7961fb8ea633ed84be28722c99",
      "source": "gpu/texture.c3"
    },
    {
      "destination": "gpu/types.c3",
      "sha256": "b1db568300b74d918e4263ab7ef4111ab749223924658bd9c8bc1d564fb62345",
      "source": "gpu/types.c3"
    },
    {
      "destination": "gpu/vk/allocator.c3",
      "sha256": "f34cbe7eb1ec0d920ac3b3a78a37336fa2bbd862fdf3f789e9061cdd8720b65d",
      "source": "gpu/vk/allocator.c3"
    },
    {
      "destination": "gpu/vk/backend.c3",
      "sha256": "043e417c65f1d0b3fc6e0dbda131b1cde73347dcddacdb1698cec5973d30314c",
      "source": "gpu/vk/backend.c3"
    },
    {
      "destination": "gpu/vk/buffer.c3",
      "sha256": "95b881d4fd44aeef5a4cb3a9e792f49ab954bfa5764ec2ee3907c47c1d162f07",
      "source": "gpu/vk/buffer.c3"
    },
    {
      "destination": "gpu/vk/command.c3",
      "sha256": "4bd34ea0416e7c8712afaeea9b2e1877fb2328b2bd1fe3733dba6705812e33d1",
      "source": "gpu/vk/command.c3"
    },
    {
      "destination": "gpu/vk/command_state.c3",
      "sha256": "21d66a560ffe61a52f64cbcbaba932e17a29aa9718148fbd9c4c866424576ab0",
      "source": "gpu/vk/command_state.c3"
    },
    {
      "destination": "gpu/vk/debug.c3",
      "sha256": "c0a5c8e7da70014369318275d7caebe846b32444f59b519b98777d0f0fbeb404",
      "source": "gpu/vk/debug.c3"
    },
    {
      "destination": "gpu/vk/deferred.c3",
      "sha256": "12fdae594ec30b819c67685cb5c9a4f0d2bb0eaed37493c73f59865630b6f25e",
      "source": "gpu/vk/deferred.c3"
    },
    {
      "destination": "gpu/vk/descriptor_heap.c3",
      "sha256": "807da50ac2131fc75882b5e82c57370722d0d63b28210bc88f85d0d872904c94",
      "source": "gpu/vk/descriptor_heap.c3"
    },
    {
      "destination": "gpu/vk/device.c3",
      "sha256": "d1056fb7519d869dbc16fe34ef2b7429359600844c49c11416cc34bcb67e5276",
      "source": "gpu/vk/device.c3"
    },
    {
      "destination": "gpu/vk/helpers.c3",
      "sha256": "35ed4b2b1f71db205a817d636937ddb3d99cf1c2108ef3f63fac17340c9dff71",
      "source": "gpu/vk/helpers.c3"
    },
    {
      "destination": "gpu/vk/instance.c3",
      "sha256": "8fea279748ff78d1a61731878789dced848cb0fc0f6da542d6fb50717a6cf3c4",
      "source": "gpu/vk/instance.c3"
    },
    {
      "destination": "gpu/vk/memory.c3",
      "sha256": "ab8fb1dfa65705da238691dbec8ee05e6070f630ae2275b486e867870e1db16d",
      "source": "gpu/vk/memory.c3"
    },
    {
      "destination": "gpu/vk/pipeline_cache.c3",
      "sha256": "ecd41073197b772e785a993fc8918feb7db1317153cd3a72971293cf169564cb",
      "source": "gpu/vk/pipeline_cache.c3"
    },
    {
      "destination": "gpu/vk/pipeline_compute.c3",
      "sha256": "b71c402ff6d0fd0ec26177b3329862674376c9ff80cdad6eae6c0443cbe76599",
      "source": "gpu/vk/pipeline_compute.c3"
    },
    {
      "destination": "gpu/vk/pipeline_graphics.c3",
      "sha256": "0efc5681c06c52d00974c8389370e32c9a91e57efa5c78f34cbf8cb887404811",
      "source": "gpu/vk/pipeline_graphics.c3"
    },
    {
      "destination": "gpu/vk/queue.c3",
      "sha256": "963bf4741c1043dc45c4cd28f4497dcad760c52b8e5523cb167131525209d40b",
      "source": "gpu/vk/queue.c3"
    },
    {
      "destination": "gpu/vk/render_pass.c3",
      "sha256": "fbfa348af7d202c9b325446905041cdce672f42e95bef1c844cf319b27c2b8bb",
      "source": "gpu/vk/render_pass.c3"
    },
    {
      "destination": "gpu/vk/shader.c3",
      "sha256": "94564c8963bd2866f29f8c9bb739e3eb18f3a49596bbdfa71c3c97e1f7636eac",
      "source": "gpu/vk/shader.c3"
    },
    {
      "destination": "gpu/vk/swapchain.c3",
      "sha256": "2de2f73d5df33e0b7dedc777fb7a0991a93c43f2b76380a5f5adfe82279775d8",
      "source": "gpu/vk/swapchain.c3"
    },
    {
      "destination": "gpu/vk/sync.c3",
      "sha256": "7950f0125b79e4dcee769a3bb5e8632297fc4030e4fe24580eac04ad91a0cfc5",
      "source": "gpu/vk/sync.c3"
    },
    {
      "destination": "gpu/vk/texture.c3",
      "sha256": "35fdb17ea71e2f2f1bc4c09eddc12b1b0fc5cd801d8b7dd769c5abb320e4ba67",
      "source": "gpu/vk/texture.c3"
    },
    {
      "destination": "gpu/vk/transfer.c3",
      "sha256": "0d25cdc54f64bdde5e6416e7e3640f1be115829412a493641b8a177a94ce73bd",
      "source": "gpu/vk/transfer.c3"
    },
    {
      "destination": "gpu/vk/validate.c3",
      "sha256": "7c081b24b46d7450cdb1dfb02b8816d3e1331ea08c7664e0c63b94d17e02b56e",
      "source": "gpu/vk/validate.c3"
    },
    {
      "destination": "gpu/vk/wsi_diagnostics.c3",
      "sha256": "0a141951f75a2e0f4a6fe29a4e4fd7475049ff452a3def506e31ac7d0bb35e09",
      "source": "gpu/vk/wsi_diagnostics.c3"
    }
  ],
  "tool-inputs": [
    {
      "path": "packaging/runtime.py",
      "sha256": "f4d00176fd3d18c288587b6e66af81ce791680c7e313ae8b03e4a6615783d3c0"
    },
    {
      "path": "scripts/package_gpu.py",
      "sha256": "a11242055bec5cf3b89195a2d61df6df418f9cf1daf6655a194b4eab1b2a1baa"
    }
  ],
  "windows-vma": {
    "inputs": {
      "build-script": {
        "path": "lib/vma.c3l/scripts/build-vma-windows.sh",
        "sha256": "59c7cd235486baf01730c85d129eb7ee314e3a5b9356724574e96c4fc66feccc"
      },
      "size-probe-source": {
        "path": "lib/vma.c3l/scripts/vma_size_probe.cpp",
        "sha256": "87085cdbeb293c1f99cbe8cc349b7e8e4b535de2202c9fdb3d0973a333a1a33a"
      },
      "wrapper-source": {
        "path": "lib/vma.c3l/scripts/vma_impl.cpp",
        "sha256": "46866381a6a289123ff8e87e20ea5d92ff4ad21e3f31b20e6cc03b5a2c6feba4"
      }
    },
    "upstream-commit": "1d8f600fd424278486eade7ed3e877c99f0846b1",
    "upstream-header-sha256": "90ce12fc4a2466235a09ae02905dd0c13aee80c1bbf11b331ab61230c2ceb112",
    "vulkan-sdk-version": "1.3.290.0"
  }
}
